// !$*UTF8*$!
{
	archiveVersion = 1;
	classes = {
	};
	objectVersion = 46;
	objects = {

		B3D4F89D42F79C95FFA20B5A = {isa = PBXBuildFile; fileRef = 37225362DC5EC8CA98260C69; };
		3DFEA9D6EFAA6223CB7AAFC5 = {isa = PBXBuildFile; fileRef = CB95E98EB3E5278E8C21F0A5; };
		39120FAD183090700DCD6ACD = {isa = PBXBuildFile; fileRef = D807F2FEC2404009742561C4; };
		C5BB2357656EBB8DBD34A1C0 = {isa = PBXBuildFile; fileRef = D66901421F8DC7DB0EE8E975; };
		4AEDFE52244F32F7F7092CB0 = {isa = PBXBuildFile; fileRef = D70265980E296185C4003B10; };
		0313DE0A6EE61298FAE43A3C = {isa = PBXBuildFile; fileRef = 2904E734BAE6C83D442BBA48; };
		00D6611FA8464079968469A1 = {isa = PBXBuildFile; fileRef = 1AC2351BE764464D2F35EA34; };
		F3E424C871A547709F2363F7 = {isa = PBXBuildFile; fileRef = 818FEF5D74E32C21CAC31262; };
		FEBFAF8B1DE9910E1B13DE6E = {isa = PBXBuildFile; fileRef = 2C06EB07BECAA3F0D49D2C52; };
		0D53B4D71F6D47B6AC6F7318 = {isa = PBXBuildFile; fileRef = C7A90E63810383FC87CCD63A; };
		EE5D5CD02DE6FD2C703C9AC6 = {isa = PBXBuildFile; fileRef = D5CA6C4B0C4DCDB040066687; };
		D883BBD1B6990492881B5ED6 = {isa = PBXBuildFile; fileRef = DE8D0FD39289E036AE63592D; };
		5C0A65AA53B2C13B0204DA49 = {isa = PBXBuildFile; fileRef = EE27CF36AA2922FC745DF322; };
		8974AE506ABEB35888073206 = {isa = PBXBuildFile; fileRef = ED8ACBC7F81F55938F5896E2; };
		1889E85311DD14D3D4A0A89E = {isa = PBXBuildFile; fileRef = DDC819D76C9D48476BF20EEB; };
		48DFB2DECD390E589AE72B0A = {isa = PBXBuildFile; fileRef = FE530CD3FF6E5DA985D59DA3; };
		B5DB331039EB10C7EC2996A8 = {isa = PBXBuildFile; fileRef = B0DB32D2E76E4B90C747CFC6; };
		CAE0860ADC745315D4CBA147 = {isa = PBXBuildFile; fileRef = E03DBE1A99723928B5FB6540; };
		6E95B50F74EED867DF52C0AE = {isa = PBXBuildFile; fileRef = 02B514DC8DC0EC51DA625A1F; };
		4E85C2F1420938302A704836 = {isa = PBXBuildFile; fileRef = 5A1645B185F92AC1C8DEA5E6; };
		CE7BC97A51DD3DA4552FD4E6 = {isa = PBXBuildFile; fileRef = AFA2300EDF12C4ABBF2A25EA; };
		118C295446E7A78539CC3444 = {isa = PBXBuildFile; fileRef = 6017761DB7AB561CD23FA5DB; };
		A4AD6B24B5061B360F8E0127 = {isa = PBXBuildFile; fileRef = 854C328151F83DF2036B1049; };
		04D48AE0F5C00E2D085F6625 = {isa = PBXBuildFile; fileRef = C8B1ACC39793626AE2E0D55D; };
		5FE95B638742D0037ED6EC36 = {isa = PBXBuildFile; fileRef = 4BB34E7595676F4EFBBD97AB; };
		55032B85569B8FE51CA0E642 = {isa = PBXBuildFile; fileRef = F2632E3C1F7C0ED4AD1BBDBF; };
		DCDB848F0ED6A6D6861AA71C = {isa = PBXBuildFile; fileRef = 580680C6D14B0823E5A03BDD; };
		1F27606947FDDDCCDA0D246C = {isa = PBXBuildFile; fileRef = 76547B6EC36217A2CC9CCE17; };
		A4884E8ACDFB7EA8364E7EB9 = {isa = PBXBuildFile; fileRef = 84A91C0E52F1A7FCBBAAB5DE; };
		25787295B0625CFCA57859D2 = {isa = PBXBuildFile; fileRef = 01F7B1B9D0382AE8071875CB; };
		A1047ABDEC16F463663A362E = {isa = PBXBuildFile; fileRef = 25151781833B2093FE7FBCD7; };
		76D4D8367F512D24E5B6A4D2 = {isa = PBXBuildFile; fileRef = D6E967693CDCD7BFA2B0255A; };
		D8D29FA9E341EF27157D7A91 = {isa = PBXBuildFile; fileRef = 221A2E59EF6F3E51931B9A0C; };
		4923BB4F7E7926E6030956AF = {isa = PBXBuildFile; fileRef = 5ADCF39D9744CCCD2792B493; };
		01F7B1B9D0382AE8071875CB = {isa = PBXFileReference; lastKnownFileType = sourcecode.cpp.objcpp; name = "include_juce_graphics.mm"; path = "../../JuceLibraryCode/include_juce_graphics.mm"; sourceTree = "SOURCE_ROOT"; };
		02B514DC8DC0EC51DA625A1F = {isa = PBXFileReference; lastKnownFileType = sourcecode.cpp.cpp; name = "include_aot_juceplot.cpp"; path = "../../JuceLibraryCode/include_aot_juceplot.cpp"; sourceTree = "SOURCE_ROOT"; };
		081B48FBCDD9683DE2BA3987 = {isa = PBXFileReference; lastKnownFileType = file; name = "juce_cryptography"; path = "/Users/daniel/Source/myprojects/cpp/JUCE/modules/juce_cryptography"; sourceTree = "<absolute>"; };
		0B65F8BA90D53A5D98AD8B7F = {isa = PBXFileReference; lastKnownFileType = file; name = "juce_gui_extra"; path = "/Users/daniel/Source/myprojects/cpp/JUCE/modules/juce_gui_extra"; sourceTree = "<absolute>"; };
		1AC2351BE764464D2F35EA34 = {isa = PBXFileReference; lastKnownFileType = wrapper.framework; name = Cocoa.framework; path = System/Library/Frameworks/Cocoa.framework; sourceTree = SDKROOT; };
		1DC23CCFF5D718C1AA0EB343 = {isa = PBXFileReference; lastKnownFileType = file; name = "juce_core"; path = "/Users/daniel/Source/myprojects/cpp/JUCE/modules/juce_core"; sourceTree = "<absolute>"; };
		1F40663C2A1BE832577D760D = {isa = PBXFileReference; lastKnownFileType = file; name = "juce_opengl"; path = "/Users/daniel/Source/myprojects/cpp/JUCE/modules/juce_opengl"; sourceTree = "<absolute>"; };
		221A2E59EF6F3E51931B9A0C = {isa = PBXFileReference; lastKnownFileType = sourcecode.cpp.objcpp; name = "include_juce_opengl.mm"; path = "../../JuceLibraryCode/include_juce_opengl.mm"; sourceTree = "SOURCE_ROOT"; };
		25151781833B2093FE7FBCD7 = {isa = PBXFileReference; lastKnownFileType = sourcecode.cpp.objcpp; name = "include_juce_gui_basics.mm"; path = "../../JuceLibraryCode/include_juce_gui_basics.mm"; sourceTree = "SOURCE_ROOT"; };
		2904E734BAE6C83D442BBA48 = {isa = PBXFileReference; lastKnownFileType = wrapper.framework; name = Carbon.framework; path = System/Library/Frameworks/Carbon.framework; sourceTree = SDKROOT; };
		2C06EB07BECAA3F0D49D2C52 = {isa = PBXFileReference; lastKnownFileType = wrapper.framework; name = CoreMedia.framework; path = System/Library/Frameworks/CoreMedia.framework; sourceTree = SDKROOT; };
		30C8181F0028FB2A363C6FCB = {isa = PBXFileReference; lastKnownFileType = file; name = "juce_data_structures"; path = "/Users/daniel/Source/myprojects/cpp/JUCE/modules/juce_data_structures"; sourceTree = "<absolute>"; };
		37225362DC5EC8CA98260C69 = {isa = PBXFileReference; explicitFileType = wrapper.application; includeInIndex = 0; path = ModdlibPlayground.app; sourceTree = "BUILT_PRODUCTS_DIR"; };
		44AED781F3B51B9B8A21B069 = {isa = PBXFileReference; lastKnownFileType = file; name = "juce_audio_devices"; path = "/Users/daniel/Source/myprojects/cpp/JUCE/modules/juce_audio_devices"; sourceTree = "<absolute>"; };
		4BB34E7595676F4EFBBD97AB = {isa = PBXFileReference; lastKnownFileType = sourcecode.cpp.objcpp; name = "include_juce_audio_utils.mm"; path = "../../JuceLibraryCode/include_juce_audio_utils.mm"; sourceTree = "SOURCE_ROOT"; };
		4DCA2477FAA7CC8F06DFA5CB = {isa = PBXFileReference; lastKnownFileType = file; name = "juce_audio_basics"; path = "/Users/daniel/Source/myprojects/cpp/JUCE/modules/juce_audio_basics"; sourceTree = "<absolute>"; };
		4E437A463CF1B6D836C6D4CB = {isa = PBXFileReference; lastKnownFileType = file; name = "juce_audio_utils"; path = "/Users/daniel/Source/myprojects/cpp/JUCE/modules/juce_audio_utils"; sourceTree = "<absolute>"; };
		524783A0A4A7C46B55C8D71D = {isa = PBXFileReference; lastKnownFileType = text.plist.xml; name = "Info-App.plist"; path = "Info-App.plist"; sourceTree = "SOURCE_ROOT"; };
		580680C6D14B0823E5A03BDD = {isa = PBXFileReference; lastKnownFileType = sourcecode.cpp.objcpp; name = "include_juce_cryptography.mm"; path = "../../JuceLibraryCode/include_juce_cryptography.mm"; sourceTree = "SOURCE_ROOT"; };
		5A1645B185F92AC1C8DEA5E6 = {isa = PBXFileReference; lastKnownFileType = sourcecode.cpp.cpp; name = "include_aot_moddlib.cpp"; path = "../../JuceLibraryCode/include_aot_moddlib.cpp"; sourceTree = "SOURCE_ROOT"; };
		5A42DF443B55491D58C95189 = {isa = PBXFileReference; lastKnownFileType = file; name = "aot_simdlib"; path = "../../../libs/simdlib/simdlib/include/aot_simdlib"; sourceTree = "SOURCE_ROOT"; };
		5ADCF39D9744CCCD2792B493 = {isa = PBXFileReference; lastKnownFileType = sourcecode.cpp.objcpp; name = "include_juce_video.mm"; path = "../../JuceLibraryCode/include_juce_video.mm"; sourceTree = "SOURCE_ROOT"; };
		6017761DB7AB561CD23FA5DB = {isa = PBXFileReference; lastKnownFileType = sourcecode.cpp.objcpp; name = "include_juce_audio_devices.mm"; path = "../../JuceLibraryCode/include_juce_audio_devices.mm"; sourceTree = "SOURCE_ROOT"; };
		6273BED5A2A135A986571E23 = {isa = PBXFileReference; lastKnownFileType = file; name = "juce_audio_formats"; path = "/Users/daniel/Source/myprojects/cpp/JUCE/modules/juce_audio_formats"; sourceTree = "<absolute>"; };
		76547B6EC36217A2CC9CCE17 = {isa = PBXFileReference; lastKnownFileType = sourcecode.cpp.objcpp; name = "include_juce_data_structures.mm"; path = "../../JuceLibraryCode/include_juce_data_structures.mm"; sourceTree = "SOURCE_ROOT"; };
		818FEF5D74E32C21CAC31262 = {isa = PBXFileReference; lastKnownFileType = wrapper.framework; name = CoreAudio.framework; path = System/Library/Frameworks/CoreAudio.framework; sourceTree = SDKROOT; };
		82DDCC91F2A0392D0E329BE4 = {isa = PBXFileReference; lastKnownFileType = file; name = "juce_video"; path = "/Users/daniel/Source/myprojects/cpp/JUCE/modules/juce_video"; sourceTree = "<absolute>"; };
		84A91C0E52F1A7FCBBAAB5DE = {isa = PBXFileReference; lastKnownFileType = sourcecode.cpp.objcpp; name = "include_juce_events.mm"; path = "../../JuceLibraryCode/include_juce_events.mm"; sourceTree = "SOURCE_ROOT"; };
		854C328151F83DF2036B1049 = {isa = PBXFileReference; lastKnownFileType = sourcecode.cpp.objcpp; name = "include_juce_audio_formats.mm"; path = "../../JuceLibraryCode/include_juce_audio_formats.mm"; sourceTree = "SOURCE_ROOT"; };
		8580E3F505B4CBB4CA8F7B7A = {isa = PBXFileReference; lastKnownFileType = file; name = "juce_graphics"; path = "/Users/daniel/Source/myprojects/cpp/JUCE/modules/juce_graphics"; sourceTree = "<absolute>"; };
		A7F00B579EEF1F3413711801 = {isa = PBXFileReference; lastKnownFileType = file; name = "aot_juceplot"; path = "../../../libs/juceplot/Source/aot_juceplot"; sourceTree = "SOURCE_ROOT"; };
		ADD4D861FD73456A598CBC7D = {isa = PBXFileReference; lastKnownFileType = file; name = "juce_gui_basics"; path = "/Users/daniel/Source/myprojects/cpp/JUCE/modules/juce_gui_basics"; sourceTree = "<absolute>"; };
		AFA2300EDF12C4ABBF2A25EA = {isa = PBXFileReference; lastKnownFileType = sourcecode.cpp.objcpp; name = "include_juce_audio_basics.mm"; path = "../../JuceLibraryCode/include_juce_audio_basics.mm"; sourceTree = "SOURCE_ROOT"; };
		B0DB32D2E76E4B90C747CFC6 = {isa = PBXFileReference; lastKnownFileType = sourcecode.cpp.cpp; name = MainComponent.cpp; path = ../../Source/MainComponent.cpp; sourceTree = "SOURCE_ROOT"; };
		B86BF58CE0169079B0E8CE15 = {isa = PBXFileReference; lastKnownFileType = file; name = "juce_audio_processors"; path = "/Users/daniel/Source/myprojects/cpp/JUCE/modules/juce_audio_processors"; sourceTree = "<absolute>"; };
		C7A90E63810383FC87CCD63A = {isa = PBXFileReference; lastKnownFileType = wrapper.framework; name = CoreMIDI.framework; path = System/Library/Frameworks/CoreMIDI.framework; sourceTree = SDKROOT; };
		C8B1ACC39793626AE2E0D55D = {isa = PBXFileReference; lastKnownFileType = sourcecode.cpp.objcpp; name = "include_juce_audio_processors.mm"; path = "../../JuceLibraryCode/include_juce_audio_processors.mm"; sourceTree = "SOURCE_ROOT"; };
		CB95E98EB3E5278E8C21F0A5 = {isa = PBXFileReference; lastKnownFileType = wrapper.framework; name = Accelerate.framework; path = System/Library/Frameworks/Accelerate.framework; sourceTree = SDKROOT; };
		D5CA6C4B0C4DCDB040066687 = {isa = PBXFileReference; lastKnownFileType = wrapper.framework; name = DiscRecording.framework; path = System/Library/Frameworks/DiscRecording.framework; sourceTree = SDKROOT; };
		D66901421F8DC7DB0EE8E975 = {isa = PBXFileReference; lastKnownFileType = wrapper.framework; name = AVFoundation.framework; path = System/Library/Frameworks/AVFoundation.framework; sourceTree = SDKROOT; };
		D6E967693CDCD7BFA2B0255A = {isa = PBXFileReference; lastKnownFileType = sourcecode.cpp.objcpp; name = "include_juce_gui_extra.mm"; path = "../../JuceLibraryCode/include_juce_gui_extra.mm"; sourceTree = "SOURCE_ROOT"; };
		D70265980E296185C4003B10 = {isa = PBXFileReference; lastKnownFileType = wrapper.framework; name = AVKit.framework; path = System/Library/Frameworks/AVKit.framework; sourceTree = SDKROOT; };
		D807F2FEC2404009742561C4 = {isa = PBXFileReference; lastKnownFileType = wrapper.framework; name = AudioToolbox.framework; path = System/Library/Frameworks/AudioToolbox.framework; sourceTree = SDKROOT; };
		D8CBFF1417062FDEC836D3F3 = {isa = PBXFileReference; lastKnownFileType = sourcecode.c.h; name = AppConfig.h; path = ../../JuceLibraryCode/AppConfig.h; sourceTree = "SOURCE_ROOT"; };
		DCABEC5E86D10B35440D5587 = {isa = PBXFileReference; lastKnownFileType = sourcecode.c.h; name = JuceHeader.h; path = ../../JuceLibraryCode/JuceHeader.h; sourceTree = "SOURCE_ROOT"; };
		DDC819D76C9D48476BF20EEB = {isa = PBXFileReference; lastKnownFileType = wrapper.framework; name = WebKit.framework; path = System/Library/Frameworks/WebKit.framework; sourceTree = SDKROOT; };
		DE5992844134F578818E4BBA = {isa = PBXFileReference; lastKnownFileType = file; name = "aot_moddlib"; path = "../../../aot_moddlib"; sourceTree = "SOURCE_ROOT"; };
		DE8D0FD39289E036AE63592D = {isa = PBXFileReference; lastKnownFileType = wrapper.framework; name = IOKit.framework; path = System/Library/Frameworks/IOKit.framework; sourceTree = SDKROOT; };
		E03DBE1A99723928B5FB6540 = {isa = PBXFileReference; lastKnownFileType = sourcecode.cpp.cpp; name = Main.cpp; path = ../../Source/Main.cpp; sourceTree = "SOURCE_ROOT"; };
		ED8ACBC7F81F55938F5896E2 = {isa = PBXFileReference; lastKnownFileType = wrapper.framework; name = QuartzCore.framework; path = System/Library/Frameworks/QuartzCore.framework; sourceTree = SDKROOT; };
		EE27CF36AA2922FC745DF322 = {isa = PBXFileReference; lastKnownFileType = wrapper.framework; name = OpenGL.framework; path = System/Library/Frameworks/OpenGL.framework; sourceTree = SDKROOT; };
		F13BFA8AD566BAB8A7AFE3F6 = {isa = PBXFileReference; lastKnownFileType = file; name = "juce_events"; path = "/Users/daniel/Source/myprojects/cpp/JUCE/modules/juce_events"; sourceTree = "<absolute>"; };
		F2632E3C1F7C0ED4AD1BBDBF = {isa = PBXFileReference; lastKnownFileType = sourcecode.cpp.objcpp; name = "include_juce_core.mm"; path = "../../JuceLibraryCode/include_juce_core.mm"; sourceTree = "SOURCE_ROOT"; };
		FE530CD3FF6E5DA985D59DA3 = {isa = PBXFileReference; lastKnownFileType = file.nib; name = RecentFilesMenuTemplate.nib; path = RecentFilesMenuTemplate.nib; sourceTree = "SOURCE_ROOT"; };
		4443C94CF6BAB8491C9F89F4 = {isa = PBXGroup; children = (
					B0DB32D2E76E4B90C747CFC6,
					E03DBE1A99723928B5FB6540, ); name = Source; sourceTree = "<group>"; };
		017FB305DF1F98013ABB5048 = {isa = PBXGroup; children = (
					4443C94CF6BAB8491C9F89F4, ); name = ModdlibPlayground; sourceTree = "<group>"; };
		FDF06380F70F009E0FAC230A = {isa = PBXGroup; children = (
					A7F00B579EEF1F3413711801,
					DE5992844134F578818E4BBA,
					5A42DF443B55491D58C95189,
					4DCA2477FAA7CC8F06DFA5CB,
					44AED781F3B51B9B8A21B069,
					6273BED5A2A135A986571E23,
					B86BF58CE0169079B0E8CE15,
					4E437A463CF1B6D836C6D4CB,
					1DC23CCFF5D718C1AA0EB343,
					081B48FBCDD9683DE2BA3987,
					30C8181F0028FB2A363C6FCB,
					F13BFA8AD566BAB8A7AFE3F6,
					8580E3F505B4CBB4CA8F7B7A,
					ADD4D861FD73456A598CBC7D,
					0B65F8BA90D53A5D98AD8B7F,
					1F40663C2A1BE832577D760D,
					82DDCC91F2A0392D0E329BE4, ); name = "Juce Modules"; sourceTree = "<group>"; };
		0C8A87530F4DDB715C403F6B = {isa = PBXGroup; children = (
					D8CBFF1417062FDEC836D3F3,
					02B514DC8DC0EC51DA625A1F,
					5A1645B185F92AC1C8DEA5E6,
					AFA2300EDF12C4ABBF2A25EA,
					6017761DB7AB561CD23FA5DB,
					854C328151F83DF2036B1049,
					C8B1ACC39793626AE2E0D55D,
					4BB34E7595676F4EFBBD97AB,
					F2632E3C1F7C0ED4AD1BBDBF,
					580680C6D14B0823E5A03BDD,
					76547B6EC36217A2CC9CCE17,
					84A91C0E52F1A7FCBBAAB5DE,
					01F7B1B9D0382AE8071875CB,
					25151781833B2093FE7FBCD7,
					D6E967693CDCD7BFA2B0255A,
					221A2E59EF6F3E51931B9A0C,
					5ADCF39D9744CCCD2792B493,
					DCABEC5E86D10B35440D5587, ); name = "Juce Library Code"; sourceTree = "<group>"; };
		20D1597A3594EE04BC3A5787 = {isa = PBXGroup; children = (
					524783A0A4A7C46B55C8D71D,
					FE530CD3FF6E5DA985D59DA3, ); name = Resources; sourceTree = "<group>"; };
		15CBDE4B1F058757631500DC = {isa = PBXGroup; children = (
					CB95E98EB3E5278E8C21F0A5,
					D807F2FEC2404009742561C4,
					D66901421F8DC7DB0EE8E975,
					D70265980E296185C4003B10,
					2904E734BAE6C83D442BBA48,
					1AC2351BE764464D2F35EA34,
					818FEF5D74E32C21CAC31262,
					2C06EB07BECAA3F0D49D2C52,
					C7A90E63810383FC87CCD63A,
					D5CA6C4B0C4DCDB040066687,
					DE8D0FD39289E036AE63592D,
					EE27CF36AA2922FC745DF322,
					ED8ACBC7F81F55938F5896E2,
					DDC819D76C9D48476BF20EEB, ); name = Frameworks; sourceTree = "<group>"; };
		3D8BCAB48FC7C0A1BBDCCFC8 = {isa = PBXGroup; children = (
					37225362DC5EC8CA98260C69, ); name = Products; sourceTree = "<group>"; };
		E67DAD7AC7CBF4D6B8674079 = {isa = PBXGroup; children = (
					017FB305DF1F98013ABB5048,
					FDF06380F70F009E0FAC230A,
					0C8A87530F4DDB715C403F6B,
					20D1597A3594EE04BC3A5787,
					15CBDE4B1F058757631500DC,
					3D8BCAB48FC7C0A1BBDCCFC8, ); name = Source; sourceTree = "<group>"; };
		4BE54B16BBA8ECF7A0CEE6E7 = {isa = XCBuildConfiguration; buildSettings = {
				CLANG_CXX_LANGUAGE_STANDARD = "c++14";
				CLANG_LINK_OBJC_RUNTIME = NO;
				COMBINE_HIDPI_IMAGES = YES;
				CONFIGURATION_BUILD_DIR = "$(PROJECT_DIR)/build/$(CONFIGURATION)";
				COPY_PHASE_STRIP = NO;
				GCC_DYNAMIC_NO_PIC = NO;
				GCC_OPTIMIZATION_LEVEL = 0;
				GCC_PREPROCESSOR_DEFINITIONS = (
					"_DEBUG=1",
					"DEBUG=1",
					"JUCER_XCODE_MAC_F6D2F4CF=1",
					"JUCE_APP_VERSION=1.0.0",
					"JUCE_APP_VERSION_HEX=0x10000",
					"JucePlugin_Build_VST=0",
					"JucePlugin_Build_VST3=0",
					"JucePlugin_Build_AU=0",
					"JucePlugin_Build_AUv3=0",
					"JucePlugin_Build_RTAS=0",
					"JucePlugin_Build_AAX=0",
					"JucePlugin_Build_Standalone=0", );
				GCC_VERSION = com.apple.compilers.llvm.clang.1_0;
				HEADER_SEARCH_PATHS = ("../../JuceLibraryCode", "../../../libs/juceplot/Source", "../../../../moddlib", "../../../libs/simdlib/simdlib/include", "/Users/daniel/Source/myprojects/cpp/JUCE/modules", "$(inherited)");
				INFOPLIST_FILE = Info-App.plist;
				INFOPLIST_PREPROCESS = NO;
				INSTALL_PATH = "$(HOME)/Applications";
				MACOSX_DEPLOYMENT_TARGET = 10.11;
				MACOSX_DEPLOYMENT_TARGET_ppc = 10.4;
				PRODUCT_BUNDLE_IDENTIFIER = com.anyoddthing.ModdlibPlayground;
				SDKROOT_ppc = macosx10.5;
				USE_HEADERMAP = NO; }; name = Debug; };
		858A09E4889AE6F676DB9B3F = {isa = XCBuildConfiguration; buildSettings = {
				CLANG_CXX_LANGUAGE_STANDARD = "c++14";
				CLANG_LINK_OBJC_RUNTIME = NO;
				COMBINE_HIDPI_IMAGES = YES;
				CONFIGURATION_BUILD_DIR = "$(PROJECT_DIR)/build/$(CONFIGURATION)";
				DEAD_CODE_STRIPPING = YES;
				GCC_GENERATE_DEBUGGING_SYMBOLS = NO;
				GCC_OPTIMIZATION_LEVEL = 3;
				GCC_PREPROCESSOR_DEFINITIONS = (
					"_NDEBUG=1",
					"NDEBUG=1",
					"JUCER_XCODE_MAC_F6D2F4CF=1",
					"JUCE_APP_VERSION=1.0.0",
					"JUCE_APP_VERSION_HEX=0x10000",
					"JucePlugin_Build_VST=0",
					"JucePlugin_Build_VST3=0",
					"JucePlugin_Build_AU=0",
					"JucePlugin_Build_AUv3=0",
					"JucePlugin_Build_RTAS=0",
					"JucePlugin_Build_AAX=0",
					"JucePlugin_Build_Standalone=0", );
				GCC_SYMBOLS_PRIVATE_EXTERN = YES;
				GCC_VERSION = com.apple.compilers.llvm.clang.1_0;
				HEADER_SEARCH_PATHS = ("../../JuceLibraryCode", "../../../libs/juceplot/Source", "../../../../moddlib", "../../../libs/simdlib/simdlib/include", "/Users/daniel/Source/myprojects/cpp/JUCE/modules", "$(inherited)");
				INFOPLIST_FILE = Info-App.plist;
				INFOPLIST_PREPROCESS = NO;
				INSTALL_PATH = "$(HOME)/Applications";
				LLVM_LTO = YES;
				MACOSX_DEPLOYMENT_TARGET = 10.11;
				MACOSX_DEPLOYMENT_TARGET_ppc = 10.4;
				PRODUCT_BUNDLE_IDENTIFIER = com.anyoddthing.ModdlibPlayground;
				SDKROOT_ppc = macosx10.5;
				USE_HEADERMAP = NO; }; name = Release; };
		DE08539583D28D1EE32AA8C2 = {isa = XCBuildConfiguration; buildSettings = {
				ALWAYS_SEARCH_USER_PATHS = NO;
				CLANG_WARN_BLOCK_CAPTURE_AUTORELEASING = YES;
				CLANG_WARN_BOOL_CONVERSION = YES;
				CLANG_WARN_COMMA = YES;
				CLANG_WARN_CONSTANT_CONVERSION = YES;
				CLANG_WARN_EMPTY_BODY = YES;
				CLANG_WARN_ENUM_CONVERSION = YES;
				CLANG_WARN_INFINITE_RECURSION = YES;
				CLANG_WARN_INT_CONVERSION = YES;
				CLANG_WARN_NON_LITERAL_NULL_CONVERSION = YES;
				CLANG_WARN_OBJC_LITERAL_CONVERSION = YES;
				CLANG_WARN_RANGE_LOOP_ANALYSIS = YES;
				CLANG_WARN_STRICT_PROTOTYPES = YES;
				CLANG_WARN_SUSPICIOUS_MOVE = YES;
				CLANG_WARN_UNREACHABLE_CODE = YES;
				CLANG_WARN__DUPLICATE_METHOD_MATCH = YES;
				DEBUG_INFORMATION_FORMAT = "dwarf";
				ENABLE_STRICT_OBJC_MSGSEND = YES;
				ENABLE_TESTABILITY = YES;
				GCC_C_LANGUAGE_STANDARD = c11;
				GCC_INLINES_ARE_PRIVATE_EXTERN = YES;
				GCC_MODEL_TUNING = G5;
				GCC_NO_COMMON_BLOCKS = YES;
				GCC_WARN_64_TO_32_BIT_CONVERSION = YES;
				GCC_WARN_ABOUT_RETURN_TYPE = YES;
				GCC_WARN_CHECK_SWITCH_STATEMENTS = YES;
				GCC_WARN_MISSING_PARENTHESES = YES;
				GCC_WARN_NON_VIRTUAL_DESTRUCTOR = YES;
				GCC_WARN_TYPECHECK_CALLS_TO_PRINTF = YES;
				GCC_WARN_UNDECLARED_SELECTOR = YES;
				GCC_WARN_UNINITIALIZED_AUTOS = YES;
				GCC_WARN_UNUSED_FUNCTION = YES;
				GCC_WARN_UNUSED_VARIABLE = YES;
				ONLY_ACTIVE_ARCH = YES;
				PRODUCT_NAME = "ModdlibPlayground";
				WARNING_CFLAGS = -Wreorder;
				ZERO_LINK = NO; }; name = Debug; };
		DCA0D9F9C68D93611ABDE8C3 = {isa = XCBuildConfiguration; buildSettings = {
				ALWAYS_SEARCH_USER_PATHS = NO;
				CLANG_WARN_BLOCK_CAPTURE_AUTORELEASING = YES;
				CLANG_WARN_BOOL_CONVERSION = YES;
				CLANG_WARN_COMMA = YES;
				CLANG_WARN_CONSTANT_CONVERSION = YES;
				CLANG_WARN_EMPTY_BODY = YES;
				CLANG_WARN_ENUM_CONVERSION = YES;
				CLANG_WARN_INFINITE_RECURSION = YES;
				CLANG_WARN_INT_CONVERSION = YES;
				CLANG_WARN_NON_LITERAL_NULL_CONVERSION = YES;
				CLANG_WARN_OBJC_LITERAL_CONVERSION = YES;
				CLANG_WARN_RANGE_LOOP_ANALYSIS = YES;
				CLANG_WARN_STRICT_PROTOTYPES = YES;
				CLANG_WARN_SUSPICIOUS_MOVE = YES;
				CLANG_WARN_UNREACHABLE_CODE = YES;
				CLANG_WARN__DUPLICATE_METHOD_MATCH = YES;
				DEBUG_INFORMATION_FORMAT = "dwarf";
				ENABLE_STRICT_OBJC_MSGSEND = YES;
				GCC_C_LANGUAGE_STANDARD = c11;
				GCC_INLINES_ARE_PRIVATE_EXTERN = YES;
				GCC_MODEL_TUNING = G5;
				GCC_NO_COMMON_BLOCKS = YES;
				GCC_WARN_64_TO_32_BIT_CONVERSION = YES;
				GCC_WARN_ABOUT_RETURN_TYPE = YES;
				GCC_WARN_CHECK_SWITCH_STATEMENTS = YES;
				GCC_WARN_MISSING_PARENTHESES = YES;
				GCC_WARN_NON_VIRTUAL_DESTRUCTOR = YES;
				GCC_WARN_TYPECHECK_CALLS_TO_PRINTF = YES;
				GCC_WARN_UNDECLARED_SELECTOR = YES;
				GCC_WARN_UNINITIALIZED_AUTOS = YES;
				GCC_WARN_UNUSED_FUNCTION = YES;
				GCC_WARN_UNUSED_VARIABLE = YES;
				PRODUCT_NAME = "ModdlibPlayground";
				WARNING_CFLAGS = -Wreorder;
				ZERO_LINK = NO; }; name = Release; };
		0C99A30CDC99F1FA15BCD309 = {isa = PBXTargetDependency; target = 10FF02DC67CD0B8F232A95F6; };
		07BFCDED139621E122177DB6 = {isa = XCConfigurationList; buildConfigurations = (
					DE08539583D28D1EE32AA8C2,
					DCA0D9F9C68D93611ABDE8C3, ); defaultConfigurationIsVisible = 0; defaultConfigurationName = Debug; };
		47D7A905AC8D29A822EDAD79 = {isa = XCConfigurationList; buildConfigurations = (
					4BE54B16BBA8ECF7A0CEE6E7,
					858A09E4889AE6F676DB9B3F, ); defaultConfigurationIsVisible = 0; defaultConfigurationName = Debug; };
		29D809495EA23604687E5BF3 = {isa = PBXResourcesBuildPhase; buildActionMask = 2147483647; files = (
					48DFB2DECD390E589AE72B0A, ); runOnlyForDeploymentPostprocessing = 0; };
		33FFA5E9026E303980A11072 = {isa = PBXSourcesBuildPhase; buildActionMask = 2147483647; files = (
					B5DB331039EB10C7EC2996A8,
					CAE0860ADC745315D4CBA147,
					6E95B50F74EED867DF52C0AE,
					4E85C2F1420938302A704836,
					CE7BC97A51DD3DA4552FD4E6,
					118C295446E7A78539CC3444,
					A4AD6B24B5061B360F8E0127,
					04D48AE0F5C00E2D085F6625,
					5FE95B638742D0037ED6EC36,
					55032B85569B8FE51CA0E642,
					DCDB848F0ED6A6D6861AA71C,
					1F27606947FDDDCCDA0D246C,
					A4884E8ACDFB7EA8364E7EB9,
					25787295B0625CFCA57859D2,
					A1047ABDEC16F463663A362E,
					76D4D8367F512D24E5B6A4D2,
					D8D29FA9E341EF27157D7A91,
					4923BB4F7E7926E6030956AF, ); runOnlyForDeploymentPostprocessing = 0; };
		2BD00145786F0A5A36CC7FA3 = {isa = PBXFrameworksBuildPhase; buildActionMask = 2147483647; files = (
					3DFEA9D6EFAA6223CB7AAFC5,
					39120FAD183090700DCD6ACD,
					C5BB2357656EBB8DBD34A1C0,
					4AEDFE52244F32F7F7092CB0,
					0313DE0A6EE61298FAE43A3C,
					00D6611FA8464079968469A1,
					F3E424C871A547709F2363F7,
					FEBFAF8B1DE9910E1B13DE6E,
					0D53B4D71F6D47B6AC6F7318,
					EE5D5CD02DE6FD2C703C9AC6,
					D883BBD1B6990492881B5ED6,
					5C0A65AA53B2C13B0204DA49,
					8974AE506ABEB35888073206,
					1889E85311DD14D3D4A0A89E, ); runOnlyForDeploymentPostprocessing = 0; };
		10FF02DC67CD0B8F232A95F6 = {isa = PBXNativeTarget; buildConfigurationList = 47D7A905AC8D29A822EDAD79; buildPhases = (
					29D809495EA23604687E5BF3,
					33FFA5E9026E303980A11072,
					2BD00145786F0A5A36CC7FA3, ); buildRules = ( ); dependencies = (  ); name = "ModdlibPlayground - App"; productName = ModdlibPlayground; productReference = 37225362DC5EC8CA98260C69; productType = "com.apple.product-type.application"; };
		E4C2DE745453E1DC13F9E990 = {isa = PBXProject; buildConfigurationList = 07BFCDED139621E122177DB6; attributes = { LastUpgradeCheck = 0830; TargetAttributes = { 10FF02DC67CD0B8F232A95F6 = { SystemCapabilities = {com.apple.ApplicationGroups.iOS = { enabled = 0; }; com.apple.InAppPurchase = { enabled = 0; }; com.apple.InterAppAudio = { enabled = 0; }; com.apple.Push = { enabled = 0; }; com.apple.Sandbox = { enabled = 0; }; }; }; }; }; compatibilityVersion = "Xcode 3.2"; hasScannedForEncodings = 0; mainGroup = E67DAD7AC7CBF4D6B8674079; projectDirPath = ""; projectRoot = ""; targets = (10FF02DC67CD0B8F232A95F6); };
	};
	rootObject = E4C2DE745453E1DC13F9E990;
}
